{
  "name": "ajs_test",
  "version": "1.0.0",
  "lockfileVersion": 2,
  "requires": true,
  "packages": {
    "": {
      "name": "ajs_test",
      "version": "1.0.0",
      "license": "ISC",
      "dependencies": {
        "@alexeyerpd/ajs": "^1.0.0"
      }
    },
    "node_modules/@alexeyerpd/ajs": {
      "version": "1.0.0",
      "resolved": "https://npm.pkg.github.com/download/@alexeyerpd/ajs/1.0.0/639312788e8c590b4a65556b85765fabacd1ef98",
      "integrity": "sha512-6JsqRK6qWkNqr0/q/S2AO88VmamG1yCXmnVpbLo4xOSCFb7mY/NVjjEl7TNpTeL2Gyt6XJ3cSbo/93XnLtP8Sg==",
      "license": "ISC"
    }
  },
  "dependencies": {
    "@alexeyerpd/ajs": {
      "version": "1.0.0",
      "resolved": "https://npm.pkg.github.com/download/@alexeyerpd/ajs/1.0.0/639312788e8c590b4a65556b85765fabacd1ef98",
      "integrity": "sha512-6JsqRK6qWkNqr0/q/S2AO88VmamG1yCXmnVpbLo4xOSCFb7mY/NVjjEl7TNpTeL2Gyt6XJ3cSbo/93XnLtP8Sg=="
    }
  }
}
